
Microsoft Visual Studio Solution File, Format Version 12.00
# Visual Studio Version 17
VisualStudioVersion = 17.6.33723.286
MinimumVisualStudioVersion = 10.0.40219.1
Project("{9A19103F-16F7-4668-BE54-9A1E7A4F7556}") = "Firebase.SDK", "Firebase.SDK\Firebase.SDK.csproj", "{1BDAB0EA-9094-4195-B751-5E338B5CCBBC}"
EndProject
Project("{9A19103F-16F7-4668-BE54-9A1E7A4F7556}") = "Client", "Client\Client.csproj", "{D59B7D04-BEAB-4E76-B403-902095B19008}"
EndProject
Global
	GlobalSection(SolutionConfigurationPlatforms) = preSolution
		Debug|Any CPU = Debug|Any CPU
		Release|Any CPU = Release|Any CPU
	EndGlobalSection
	GlobalSection(ProjectConfigurationPlatforms) = postSolution
		{1BDAB0EA-9094-4195-B751-5E338B5CCBBC}.Debug|Any CPU.ActiveCfg = Debug|Any CPU
		{1BDAB0EA-9094-4195-B751-5E338B5CCBBC}.Debug|Any CPU.Build.0 = Debug|Any CPU
		{1BDAB0EA-9094-4195-B751-5E338B5CCBBC}.Release|Any CPU.ActiveCfg = Release|Any CPU
		{1BDAB0EA-9094-4195-B751-5E338B5CCBBC}.Release|Any CPU.Build.0 = Release|Any CPU
		{D59B7D04-BEAB-4E76-B403-902095B19008}.Debug|Any CPU.ActiveCfg = Debug|Any CPU
		{D59B7D04-BEAB-4E76-B403-902095B19008}.Debug|Any CPU.Build.0 = Debug|Any CPU
		{D59B7D04-BEAB-4E76-B403-902095B19008}.Release|Any CPU.ActiveCfg = Release|Any CPU
		{D59B7D04-BEAB-4E76-B403-902095B19008}.Release|Any CPU.Build.0 = Release|Any CPU
	EndGlobalSection
	GlobalSection(SolutionProperties) = preSolution
		HideSolutionNode = FALSE
	EndGlobalSection
	GlobalSection(ExtensibilityGlobals) = postSolution
		SolutionGuid = {7B23DA3C-D133-4F00-8856-8FAC1731DE55}
	EndGlobalSection
EndGlobal
